
Microsoft Visual Studio Solution File, Format Version 12.00
# Visual Studio Version 17
VisualStudioVersion = 17.7.34221.43
MinimumVisualStudioVersion = 10.0.40219.1
Project("{FAE04EC0-301F-11D3-BF4B-00C04F79EFBC}") = "CollDev LR1", "CollDev LR1.csproj", "{0066CE72-C250-4A96-86E8-DABCD747A611}"
EndProject
Global
	GlobalSection(SolutionConfigurationPlatforms) = preSolution
		Debug|Any CPU = Debug|Any CPU
		Release|Any CPU = Release|Any CPU
	EndGlobalSection
	GlobalSection(ProjectConfigurationPlatforms) = postSolution
		{0066CE72-C250-4A96-86E8-DABCD747A611}.Debug|Any CPU.ActiveCfg = Debug|Any CPU
		{0066CE72-C250-4A96-86E8-DABCD747A611}.Debug|Any CPU.Build.0 = Debug|Any CPU
		{0066CE72-C250-4A96-86E8-DABCD747A611}.Release|Any CPU.ActiveCfg = Release|Any CPU
		{0066CE72-C250-4A96-86E8-DABCD747A611}.Release|Any CPU.Build.0 = Release|Any CPU
	EndGlobalSection
	GlobalSection(SolutionProperties) = preSolution
		HideSolutionNode = FALSE
	EndGlobalSection
	GlobalSection(ExtensibilityGlobals) = postSolution
		SolutionGuid = {856EED86-8864-489F-A3C1-2E825D050E72}
	EndGlobalSection
EndGlobal
